
Microsoft Visual Studio Solution File, Format Version 12.00
# Visual Studio Version 17
VisualStudioVersion = 17.2.32602.215
MinimumVisualStudioVersion = 10.0.40219.1
Project("{FAE04EC0-301F-11D3-BF4B-00C04F79EFBC}") = "xamarinblank.UWP", "xamarinblank\xamarinblank.UWP\xamarinblank.UWP.csproj", "{C713A927-ED18-4644-8419-4CECD2E1F488}"
EndProject
Project("{FAE04EC0-301F-11D3-BF4B-00C04F79EFBC}") = "xamarinblank.Android", "xamarinblank\xamarinblank.Android\xamarinblank.Android.csproj", "{508BC17C-45F2-422B-AED6-C5FA161CC895}"
EndProject
Project("{FAE04EC0-301F-11D3-BF4B-00C04F79EFBC}") = "xamarinblank.iOS", "xamarinblank\xamarinblank.iOS\xamarinblank.iOS.csproj", "{8DB6FB59-7E69-4D90-9567-2EC0E3F61EC9}"
EndProject
Project("{FAE04EC0-301F-11D3-BF4B-00C04F79EFBC}") = "xamarinblank", "xamarinblank\xamarinblank\xamarinblank.csproj", "{B12D43F1-D6DC-40E0-9B73-8F5E23FFD876}"
EndProject
Global
	GlobalSection(SolutionConfigurationPlatforms) = preSolution
		Debug|Any CPU = Debug|Any CPU
		Debug|ARM = Debug|ARM
		Debug|iPhone = Debug|iPhone
		Debug|iPhoneSimulator = Debug|iPhoneSimulator
		Debug|x64 = Debug|x64
		Debug|x86 = Debug|x86
		Release|Any CPU = Release|Any CPU
		Release|ARM = Release|ARM
		Release|iPhone = Release|iPhone
		Release|iPhoneSimulator = Release|iPhoneSimulator
		Release|x64 = Release|x64
		Release|x86 = Release|x86
	EndGlobalSection
	GlobalSection(ProjectConfigurationPlatforms) = postSolution
		{C713A927-ED18-4644-8419-4CECD2E1F488}.Debug|Any CPU.ActiveCfg = Debug|x64
		{C713A927-ED18-4644-8419-4CECD2E1F488}.Debug|Any CPU.Build.0 = Debug|x64
		{C713A927-ED18-4644-8419-4CECD2E1F488}.Debug|Any CPU.Deploy.0 = Debug|x64
		{C713A927-ED18-4644-8419-4CECD2E1F488}.Debug|ARM.ActiveCfg = Debug|ARM
		{C713A927-ED18-4644-8419-4CECD2E1F488}.Debug|ARM.Build.0 = Debug|ARM
		{C713A927-ED18-4644-8419-4CECD2E1F488}.Debug|ARM.Deploy.0 = Debug|ARM
		{C713A927-ED18-4644-8419-4CECD2E1F488}.Debug|iPhone.ActiveCfg = Debug|x64
		{C713A927-ED18-4644-8419-4CECD2E1F488}.Debug|iPhone.Build.0 = Debug|x64
		{C713A927-ED18-4644-8419-4CECD2E1F488}.Debug|iPhone.Deploy.0 = Debug|x64
		{C713A927-ED18-4644-8419-4CECD2E1F488}.Debug|iPhoneSimulator.ActiveCfg = Debug|x64
		{C713A927-ED18-4644-8419-4CECD2E1F488}.Debug|iPhoneSimulator.Build.0 = Debug|x64
		{C713A927-ED18-4644-8419-4CECD2E1F488}.Debug|iPhoneSimulator.Deploy.0 = Debug|x64
		{C713A927-ED18-4644-8419-4CECD2E1F488}.Debug|x64.ActiveCfg = Debug|x64
		{C713A927-ED18-4644-8419-4CECD2E1F488}.Debug|x64.Build.0 = Debug|x64
		{C713A927-ED18-4644-8419-4CECD2E1F488}.Debug|x64.Deploy.0 = Debug|x64
		{C713A927-ED18-4644-8419-4CECD2E1F488}.Debug|x86.ActiveCfg = Debug|x86
		{C713A927-ED18-4644-8419-4CECD2E1F488}.Debug|x86.Build.0 = Debug|x86
		{C713A927-ED18-4644-8419-4CECD2E1F488}.Debug|x86.Deploy.0 = Debug|x86
		{C713A927-ED18-4644-8419-4CECD2E1F488}.Release|Any CPU.ActiveCfg = Release|x64
		{C713A927-ED18-4644-8419-4CECD2E1F488}.Release|Any CPU.Build.0 = Release|x64
		{C713A927-ED18-4644-8419-4CECD2E1F488}.Release|Any CPU.Deploy.0 = Release|x64
		{C713A927-ED18-4644-8419-4CECD2E1F488}.Release|ARM.ActiveCfg = Release|ARM
		{C713A927-ED18-4644-8419-4CECD2E1F488}.Release|ARM.Build.0 = Release|ARM
		{C713A927-ED18-4644-8419-4CECD2E1F488}.Release|ARM.Deploy.0 = Release|ARM
		{C713A927-ED18-4644-8419-4CECD2E1F488}.Release|iPhone.ActiveCfg = Release|x64
		{C713A927-ED18-4644-8419-4CECD2E1F488}.Release|iPhone.Build.0 = Release|x64
		{C713A927-ED18-4644-8419-4CECD2E1F488}.Release|iPhone.Deploy.0 = Release|x64
		{C713A927-ED18-4644-8419-4CECD2E1F488}.Release|iPhoneSimulator.ActiveCfg = Release|x64
		{C713A927-ED18-4644-8419-4CECD2E1F488}.Release|iPhoneSimulator.Build.0 = Release|x64
		{C713A927-ED18-4644-8419-4CECD2E1F488}.Release|iPhoneSimulator.Deploy.0 = Release|x64
		{C713A927-ED18-4644-8419-4CECD2E1F488}.Release|x64.ActiveCfg = Release|x64
		{C713A927-ED18-4644-8419-4CECD2E1F488}.Release|x64.Build.0 = Release|x64
		{C713A927-ED18-4644-8419-4CECD2E1F488}.Release|x64.Deploy.0 = Release|x64
		{C713A927-ED18-4644-8419-4CECD2E1F488}.Release|x86.ActiveCfg = Release|x86
		{C713A927-ED18-4644-8419-4CECD2E1F488}.Release|x86.Build.0 = Release|x86
		{C713A927-ED18-4644-8419-4CECD2E1F488}.Release|x86.Deploy.0 = Release|x86
		{508BC17C-45F2-422B-AED6-C5FA161CC895}.Debug|Any CPU.ActiveCfg = Debug|Any CPU
		{508BC17C-45F2-422B-AED6-C5FA161CC895}.Debug|Any CPU.Build.0 = Debug|Any CPU
		{508BC17C-45F2-422B-AED6-C5FA161CC895}.Debug|Any CPU.Deploy.0 = Debug|Any CPU
		{508BC17C-45F2-422B-AED6-C5FA161CC895}.Debug|ARM.ActiveCfg = Debug|Any CPU
		{508BC17C-45F2-422B-AED6-C5FA161CC895}.Debug|ARM.Build.0 = Debug|Any CPU
		{508BC17C-45F2-422B-AED6-C5FA161CC895}.Debug|ARM.Deploy.0 = Debug|Any CPU
		{508BC17C-45F2-422B-AED6-C5FA161CC895}.Debug|iPhone.ActiveCfg = Debug|Any CPU
		{508BC17C-45F2-422B-AED6-C5FA161CC895}.Debug|iPhone.Build.0 = Debug|Any CPU
		{508BC17C-45F2-422B-AED6-C5FA161CC895}.Debug|iPhone.Deploy.0 = Debug|Any CPU
		{508BC17C-45F2-422B-AED6-C5FA161CC895}.Debug|iPhoneSimulator.ActiveCfg = Debug|Any CPU
		{508BC17C-45F2-422B-AED6-C5FA161CC895}.Debug|iPhoneSimulator.Build.0 = Debug|Any CPU
		{508BC17C-45F2-422B-AED6-C5FA161CC895}.Debug|iPhoneSimulator.Deploy.0 = Debug|Any CPU
		{508BC17C-45F2-422B-AED6-C5FA161CC895}.Debug|x64.ActiveCfg = Debug|Any CPU
		{508BC17C-45F2-422B-AED6-C5FA161CC895}.Debug|x64.Build.0 = Debug|Any CPU
		{508BC17C-45F2-422B-AED6-C5FA161CC895}.Debug|x64.Deploy.0 = Debug|Any CPU
		{508BC17C-45F2-422B-AED6-C5FA161CC895}.Debug|x86.ActiveCfg = Debug|Any CPU
		{508BC17C-45F2-422B-AED6-C5FA161CC895}.Debug|x86.Build.0 = Debug|Any CPU
		{508BC17C-45F2-422B-AED6-C5FA161CC895}.Debug|x86.Deploy.0 = Debug|Any CPU
		{508BC17C-45F2-422B-AED6-C5FA161CC895}.Release|Any CPU.ActiveCfg = Release|Any CPU
		{508BC17C-45F2-422B-AED6-C5FA161CC895}.Release|Any CPU.Build.0 = Release|Any CPU
		{508BC17C-45F2-422B-AED6-C5FA161CC895}.Release|Any CPU.Deploy.0 = Release|Any CPU
		{508BC17C-45F2-422B-AED6-C5FA161CC895}.Release|ARM.ActiveCfg = Release|Any CPU
		{508BC17C-45F2-422B-AED6-C5FA161CC895}.Release|ARM.Build.0 = Release|Any CPU
		{508BC17C-45F2-422B-AED6-C5FA161CC895}.Release|ARM.Deploy.0 = Release|Any CPU
		{508BC17C-45F2-422B-AED6-C5FA161CC895}.Release|iPhone.ActiveCfg = Release|Any CPU
		{508BC17C-45F2-422B-AED6-C5FA161CC895}.Release|iPhone.Build.0 = Release|Any CPU
		{508BC17C-45F2-422B-AED6-C5FA161CC895}.Release|iPhone.Deploy.0 = Release|Any CPU
		{508BC17C-45F2-422B-AED6-C5FA161CC895}.Release|iPhoneSimulator.ActiveCfg = Release|Any CPU
		{508BC17C-45F2-422B-AED6-C5FA161CC895}.Release|iPhoneSimulator.Build.0 = Release|Any CPU
		{508BC17C-45F2-422B-AED6-C5FA161CC895}.Release|iPhoneSimulator.Deploy.0 = Release|Any CPU
		{508BC17C-45F2-422B-AED6-C5FA161CC895}.Release|x64.ActiveCfg = Release|Any CPU
		{508BC17C-45F2-422B-AED6-C5FA161CC895}.Release|x64.Build.0 = Release|Any CPU
		{508BC17C-45F2-422B-AED6-C5FA161CC895}.Release|x64.Deploy.0 = Release|Any CPU
		{508BC17C-45F2-422B-AED6-C5FA161CC895}.Release|x86.ActiveCfg = Release|Any CPU
		{508BC17C-45F2-422B-AED6-C5FA161CC895}.Release|x86.Build.0 = Release|Any CPU
		{508BC17C-45F2-422B-AED6-C5FA161CC895}.Release|x86.Deploy.0 = Release|Any CPU
		{8DB6FB59-7E69-4D90-9567-2EC0E3F61EC9}.Debug|Any CPU.ActiveCfg = Debug|iPhoneSimulator
		{8DB6FB59-7E69-4D90-9567-2EC0E3F61EC9}.Debug|Any CPU.Build.0 = Debug|iPhoneSimulator
		{8DB6FB59-7E69-4D90-9567-2EC0E3F61EC9}.Debug|Any CPU.Deploy.0 = Debug|iPhoneSimulator
		{8DB6FB59-7E69-4D90-9567-2EC0E3F61EC9}.Debug|ARM.ActiveCfg = Debug|iPhoneSimulator
		{8DB6FB59-7E69-4D90-9567-2EC0E3F61EC9}.Debug|ARM.Build.0 = Debug|iPhoneSimulator
		{8DB6FB59-7E69-4D90-9567-2EC0E3F61EC9}.Debug|ARM.Deploy.0 = Debug|iPhoneSimulator
		{8DB6FB59-7E69-4D90-9567-2EC0E3F61EC9}.Debug|iPhone.ActiveCfg = Debug|iPhone
		{8DB6FB59-7E69-4D90-9567-2EC0E3F61EC9}.Debug|iPhone.Build.0 = Debug|iPhone
		{8DB6FB59-7E69-4D90-9567-2EC0E3F61EC9}.Debug|iPhone.Deploy.0 = Debug|iPhone
		{8DB6FB59-7E69-4D90-9567-2EC0E3F61EC9}.Debug|iPhoneSimulator.ActiveCfg = Debug|iPhoneSimulator
		{8DB6FB59-7E69-4D90-9567-2EC0E3F61EC9}.Debug|iPhoneSimulator.Build.0 = Debug|iPhoneSimulator
		{8DB6FB59-7E69-4D90-9567-2EC0E3F61EC9}.Debug|iPhoneSimulator.Deploy.0 = Debug|iPhoneSimulator
		{8DB6FB59-7E69-4D90-9567-2EC0E3F61EC9}.Debug|x64.ActiveCfg = Debug|iPhone
		{8DB6FB59-7E69-4D90-9567-2EC0E3F61EC9}.Debug|x64.Build.0 = Debug|iPhone
		{8DB6FB59-7E69-4D90-9567-2EC0E3F61EC9}.Debug|x64.Deploy.0 = Debug|iPhone
		{8DB6FB59-7E69-4D90-9567-2EC0E3F61EC9}.Debug|x86.ActiveCfg = Debug|iPhoneSimulator
		{8DB6FB59-7E69-4D90-9567-2EC0E3F61EC9}.Debug|x86.Build.0 = Debug|iPhoneSimulator
		{8DB6FB59-7E69-4D90-9567-2EC0E3F61EC9}.Debug|x86.Deploy.0 = Debug|iPhoneSimulator
		{8DB6FB59-7E69-4D90-9567-2EC0E3F61EC9}.Release|Any CPU.ActiveCfg = Release|iPhoneSimulator
		{8DB6FB59-7E69-4D90-9567-2EC0E3F61EC9}.Release|Any CPU.Build.0 = Release|iPhoneSimulator
		{8DB6FB59-7E69-4D90-9567-2EC0E3F61EC9}.Release|Any CPU.Deploy.0 = Release|iPhoneSimulator
		{8DB6FB59-7E69-4D90-9567-2EC0E3F61EC9}.Release|ARM.ActiveCfg = Release|iPhoneSimulator
		{8DB6FB59-7E69-4D90-9567-2EC0E3F61EC9}.Release|ARM.Build.0 = Release|iPhoneSimulator
		{8DB6FB59-7E69-4D90-9567-2EC0E3F61EC9}.Release|ARM.Deploy.0 = Release|iPhoneSimulator
		{8DB6FB59-7E69-4D90-9567-2EC0E3F61EC9}.Release|iPhone.ActiveCfg = Release|iPhone
		{8DB6FB59-7E69-4D90-9567-2EC0E3F61EC9}.Release|iPhone.Build.0 = Release|iPhone
		{8DB6FB59-7E69-4D90-9567-2EC0E3F61EC9}.Release|iPhone.Deploy.0 = Release|iPhone
		{8DB6FB59-7E69-4D90-9567-2EC0E3F61EC9}.Release|iPhoneSimulator.ActiveCfg = Release|iPhoneSimulator
		{8DB6FB59-7E69-4D90-9567-2EC0E3F61EC9}.Release|iPhoneSimulator.Build.0 = Release|iPhoneSimulator
		{8DB6FB59-7E69-4D90-9567-2EC0E3F61EC9}.Release|iPhoneSimulator.Deploy.0 = Release|iPhoneSimulator
		{8DB6FB59-7E69-4D90-9567-2EC0E3F61EC9}.Release|x64.ActiveCfg = Release|iPhoneSimulator
		{8DB6FB59-7E69-4D90-9567-2EC0E3F61EC9}.Release|x64.Build.0 = Release|iPhoneSimulator
		{8DB6FB59-7E69-4D90-9567-2EC0E3F61EC9}.Release|x64.Deploy.0 = Release|iPhoneSimulator
		{8DB6FB59-7E69-4D90-9567-2EC0E3F61EC9}.Release|x86.ActiveCfg = Release|iPhoneSimulator
		{8DB6FB59-7E69-4D90-9567-2EC0E3F61EC9}.Release|x86.Build.0 = Release|iPhoneSimulator
		{8DB6FB59-7E69-4D90-9567-2EC0E3F61EC9}.Release|x86.Deploy.0 = Release|iPhoneSimulator
		{B12D43F1-D6DC-40E0-9B73-8F5E23FFD876}.Debug|Any CPU.ActiveCfg = Debug|Any CPU
		{B12D43F1-D6DC-40E0-9B73-8F5E23FFD876}.Debug|Any CPU.Build.0 = Debug|Any CPU
		{B12D43F1-D6DC-40E0-9B73-8F5E23FFD876}.Debug|Any CPU.Deploy.0 = Debug|Any CPU
		{B12D43F1-D6DC-40E0-9B73-8F5E23FFD876}.Debug|ARM.ActiveCfg = Debug|Any CPU
		{B12D43F1-D6DC-40E0-9B73-8F5E23FFD876}.Debug|ARM.Build.0 = Debug|Any CPU
		{B12D43F1-D6DC-40E0-9B73-8F5E23FFD876}.Debug|ARM.Deploy.0 = Debug|Any CPU
		{B12D43F1-D6DC-40E0-9B73-8F5E23FFD876}.Debug|iPhone.ActiveCfg = Debug|Any CPU
		{B12D43F1-D6DC-40E0-9B73-8F5E23FFD876}.Debug|iPhone.Build.0 = Debug|Any CPU
		{B12D43F1-D6DC-40E0-9B73-8F5E23FFD876}.Debug|iPhone.Deploy.0 = Debug|Any CPU
		{B12D43F1-D6DC-40E0-9B73-8F5E23FFD876}.Debug|iPhoneSimulator.ActiveCfg = Debug|Any CPU
		{B12D43F1-D6DC-40E0-9B73-8F5E23FFD876}.Debug|iPhoneSimulator.Build.0 = Debug|Any CPU
		{B12D43F1-D6DC-40E0-9B73-8F5E23FFD876}.Debug|iPhoneSimulator.Deploy.0 = Debug|Any CPU
		{B12D43F1-D6DC-40E0-9B73-8F5E23FFD876}.Debug|x64.ActiveCfg = Debug|Any CPU
		{B12D43F1-D6DC-40E0-9B73-8F5E23FFD876}.Debug|x64.Build.0 = Debug|Any CPU
		{B12D43F1-D6DC-40E0-9B73-8F5E23FFD876}.Debug|x64.Deploy.0 = Debug|Any CPU
		{B12D43F1-D6DC-40E0-9B73-8F5E23FFD876}.Debug|x86.ActiveCfg = Debug|Any CPU
		{B12D43F1-D6DC-40E0-9B73-8F5E23FFD876}.Debug|x86.Build.0 = Debug|Any CPU
		{B12D43F1-D6DC-40E0-9B73-8F5E23FFD876}.Debug|x86.Deploy.0 = Debug|Any CPU
		{B12D43F1-D6DC-40E0-9B73-8F5E23FFD876}.Release|Any CPU.ActiveCfg = Release|Any CPU
		{B12D43F1-D6DC-40E0-9B73-8F5E23FFD876}.Release|Any CPU.Build.0 = Release|Any CPU
		{B12D43F1-D6DC-40E0-9B73-8F5E23FFD876}.Release|Any CPU.Deploy.0 = Release|Any CPU
		{B12D43F1-D6DC-40E0-9B73-8F5E23FFD876}.Release|ARM.ActiveCfg = Release|Any CPU
		{B12D43F1-D6DC-40E0-9B73-8F5E23FFD876}.Release|ARM.Build.0 = Release|Any CPU
		{B12D43F1-D6DC-40E0-9B73-8F5E23FFD876}.Release|ARM.Deploy.0 = Release|Any CPU
		{B12D43F1-D6DC-40E0-9B73-8F5E23FFD876}.Release|iPhone.ActiveCfg = Release|Any CPU
		{B12D43F1-D6DC-40E0-9B73-8F5E23FFD876}.Release|iPhone.Build.0 = Release|Any CPU
		{B12D43F1-D6DC-40E0-9B73-8F5E23FFD876}.Release|iPhone.Deploy.0 = Release|Any CPU
		{B12D43F1-D6DC-40E0-9B73-8F5E23FFD876}.Release|iPhoneSimulator.ActiveCfg = Release|Any CPU
		{B12D43F1-D6DC-40E0-9B73-8F5E23FFD876}.Release|iPhoneSimulator.Build.0 = Release|Any CPU
		{B12D43F1-D6DC-40E0-9B73-8F5E23FFD876}.Release|iPhoneSimulator.Deploy.0 = Release|Any CPU
		{B12D43F1-D6DC-40E0-9B73-8F5E23FFD876}.Release|x64.ActiveCfg = Release|Any CPU
		{B12D43F1-D6DC-40E0-9B73-8F5E23FFD876}.Release|x64.Build.0 = Release|Any CPU
		{B12D43F1-D6DC-40E0-9B73-8F5E23FFD876}.Release|x64.Deploy.0 = Release|Any CPU
		{B12D43F1-D6DC-40E0-9B73-8F5E23FFD876}.Release|x86.ActiveCfg = Release|Any CPU
		{B12D43F1-D6DC-40E0-9B73-8F5E23FFD876}.Release|x86.Build.0 = Release|Any CPU
		{B12D43F1-D6DC-40E0-9B73-8F5E23FFD876}.Release|x86.Deploy.0 = Release|Any CPU
	EndGlobalSection
	GlobalSection(SolutionProperties) = preSolution
		HideSolutionNode = FALSE
	EndGlobalSection
	GlobalSection(ExtensibilityGlobals) = postSolution
		SolutionGuid = {86E1DD49-3E02-47E0-B214-111D97FEA948}
	EndGlobalSection
EndGlobal
